
Microsoft Visual Studio Solution File, Format Version 12.00
# Visual Studio 15
VisualStudioVersion = 15.0.26730.16
MinimumVisualStudioVersion = 10.0.40219.1
Project("{888888A0-9F3D-457C-B088-3A5042F75D52}") = "WpfApplication1", "WpfApplication1\WpfApplication1.pyproj", "{D88C9B67-7232-4D79-8747-5B7805C80EB5}"
EndProject
Global
	GlobalSection(SolutionConfigurationPlatforms) = preSolution
		Debug|Any CPU = Debug|Any CPU
		Release|Any CPU = Release|Any CPU
	EndGlobalSection
	GlobalSection(ProjectConfigurationPlatforms) = postSolution
		{D88C9B67-7232-4D79-8747-5B7805C80EB5}.Debug|Any CPU.ActiveCfg = Debug|Any CPU
		{D88C9B67-7232-4D79-8747-5B7805C80EB5}.Release|Any CPU.ActiveCfg = Release|Any CPU
	EndGlobalSection
	GlobalSection(SolutionProperties) = preSolution
		HideSolutionNode = FALSE
	EndGlobalSection
	GlobalSection(ExtensibilityGlobals) = postSolution
		SolutionGuid = {6779D8EB-91BE-4330-A29F-6C7628839C2E}
	EndGlobalSection
EndGlobal
